
Microsoft Visual Studio Solution File, Format Version 12.00
# Visual Studio 2012
Project("{F2A71F9B-5D33-465A-A702-920D77279786}") = "BroadcastConsole.Common", "BroadcastConsole.Common\BroadcastConsole.Common.fsproj", "{F566DCFC-F34F-4C4C-B853-C216F516CA1B}"
EndProject
Project("{F2A71F9B-5D33-465A-A702-920D77279786}") = "BroadcastConsole.Test", "BroadcastConsole.Test\BroadcastConsole.Test.fsproj", "{1F3EDE6E-7D84-45BD-9B0C-00198760A714}"
EndProject
Project("{FAE04EC0-301F-11D3-BF4B-00C04F79EFBC}") = "BroadcastConsole.Metro", "BroadcastConsole.Metro\BroadcastConsole.Metro.csproj", "{73B527E2-AA00-4825-9899-41610055C4C6}"
EndProject
Global
	GlobalSection(SolutionConfigurationPlatforms) = preSolution
		Debug|ARM = Debug|ARM
		Debug|Any CPU = Debug|Any CPU
		Debug|x64 = Debug|x64
		Debug|x86 = Debug|x86
		Release|ARM = Release|ARM
		Release|Any CPU = Release|Any CPU
		Release|x64 = Release|x64
		Release|x86 = Release|x86
	EndGlobalSection
	GlobalSection(ProjectConfigurationPlatforms) = postSolution
		{1F3EDE6E-7D84-45BD-9B0C-00198760A714}.Debug|ARM.ActiveCfg = Debug|Any CPU
		{1F3EDE6E-7D84-45BD-9B0C-00198760A714}.Debug|Any CPU.ActiveCfg = Debug|Any CPU
		{1F3EDE6E-7D84-45BD-9B0C-00198760A714}.Debug|Any CPU.Build.0 = Debug|Any CPU
		{1F3EDE6E-7D84-45BD-9B0C-00198760A714}.Debug|x64.ActiveCfg = Debug|Any CPU
		{1F3EDE6E-7D84-45BD-9B0C-00198760A714}.Debug|x86.ActiveCfg = Debug|Any CPU
		{1F3EDE6E-7D84-45BD-9B0C-00198760A714}.Release|ARM.ActiveCfg = Release|Any CPU
		{1F3EDE6E-7D84-45BD-9B0C-00198760A714}.Release|Any CPU.ActiveCfg = Release|Any CPU
		{1F3EDE6E-7D84-45BD-9B0C-00198760A714}.Release|Any CPU.Build.0 = Release|Any CPU
		{1F3EDE6E-7D84-45BD-9B0C-00198760A714}.Release|x64.ActiveCfg = Release|Any CPU
		{1F3EDE6E-7D84-45BD-9B0C-00198760A714}.Release|x86.ActiveCfg = Release|Any CPU
		{73B527E2-AA00-4825-9899-41610055C4C6}.Debug|ARM.ActiveCfg = Debug|ARM
		{73B527E2-AA00-4825-9899-41610055C4C6}.Debug|ARM.Build.0 = Debug|ARM
		{73B527E2-AA00-4825-9899-41610055C4C6}.Debug|ARM.Deploy.0 = Debug|ARM
		{73B527E2-AA00-4825-9899-41610055C4C6}.Debug|Any CPU.ActiveCfg = Debug|Any CPU
		{73B527E2-AA00-4825-9899-41610055C4C6}.Debug|Any CPU.Build.0 = Debug|Any CPU
		{73B527E2-AA00-4825-9899-41610055C4C6}.Debug|Any CPU.Deploy.0 = Debug|Any CPU
		{73B527E2-AA00-4825-9899-41610055C4C6}.Debug|x64.ActiveCfg = Debug|x64
		{73B527E2-AA00-4825-9899-41610055C4C6}.Debug|x64.Build.0 = Debug|x64
		{73B527E2-AA00-4825-9899-41610055C4C6}.Debug|x64.Deploy.0 = Debug|x64
		{73B527E2-AA00-4825-9899-41610055C4C6}.Debug|x86.ActiveCfg = Debug|x86
		{73B527E2-AA00-4825-9899-41610055C4C6}.Debug|x86.Build.0 = Debug|x86
		{73B527E2-AA00-4825-9899-41610055C4C6}.Debug|x86.Deploy.0 = Debug|x86
		{73B527E2-AA00-4825-9899-41610055C4C6}.Release|ARM.ActiveCfg = Release|ARM
		{73B527E2-AA00-4825-9899-41610055C4C6}.Release|ARM.Build.0 = Release|ARM
		{73B527E2-AA00-4825-9899-41610055C4C6}.Release|ARM.Deploy.0 = Release|ARM
		{73B527E2-AA00-4825-9899-41610055C4C6}.Release|Any CPU.ActiveCfg = Release|Any CPU
		{73B527E2-AA00-4825-9899-41610055C4C6}.Release|Any CPU.Build.0 = Release|Any CPU
		{73B527E2-AA00-4825-9899-41610055C4C6}.Release|Any CPU.Deploy.0 = Release|Any CPU
		{73B527E2-AA00-4825-9899-41610055C4C6}.Release|x64.ActiveCfg = Release|x64
		{73B527E2-AA00-4825-9899-41610055C4C6}.Release|x64.Build.0 = Release|x64
		{73B527E2-AA00-4825-9899-41610055C4C6}.Release|x64.Deploy.0 = Release|x64
		{73B527E2-AA00-4825-9899-41610055C4C6}.Release|x86.ActiveCfg = Release|x86
		{73B527E2-AA00-4825-9899-41610055C4C6}.Release|x86.Build.0 = Release|x86
		{73B527E2-AA00-4825-9899-41610055C4C6}.Release|x86.Deploy.0 = Release|x86
		{F566DCFC-F34F-4C4C-B853-C216F516CA1B}.Debug|ARM.ActiveCfg = Debug|Any CPU
		{F566DCFC-F34F-4C4C-B853-C216F516CA1B}.Debug|Any CPU.ActiveCfg = Debug|Any CPU
		{F566DCFC-F34F-4C4C-B853-C216F516CA1B}.Debug|Any CPU.Build.0 = Debug|Any CPU
		{F566DCFC-F34F-4C4C-B853-C216F516CA1B}.Debug|x64.ActiveCfg = Debug|Any CPU
		{F566DCFC-F34F-4C4C-B853-C216F516CA1B}.Debug|x86.ActiveCfg = Debug|Any CPU
		{F566DCFC-F34F-4C4C-B853-C216F516CA1B}.Release|ARM.ActiveCfg = Release|Any CPU
		{F566DCFC-F34F-4C4C-B853-C216F516CA1B}.Release|Any CPU.ActiveCfg = Release|Any CPU
		{F566DCFC-F34F-4C4C-B853-C216F516CA1B}.Release|Any CPU.Build.0 = Release|Any CPU
		{F566DCFC-F34F-4C4C-B853-C216F516CA1B}.Release|x64.ActiveCfg = Release|Any CPU
		{F566DCFC-F34F-4C4C-B853-C216F516CA1B}.Release|x86.ActiveCfg = Release|Any CPU
	EndGlobalSection
	GlobalSection(SolutionProperties) = preSolution
		HideSolutionNode = FALSE
	EndGlobalSection
EndGlobal
