
Microsoft Visual Studio Solution File, Format Version 12.00
# Visual Studio 2012
Project("{F2A71F9B-5D33-465A-A702-920D77279786}") = "BroadcastConsole.Common", "BroadcastConsole.Common\BroadcastConsole.Common.fsproj", "{F566DCFC-F34F-4C4C-B853-C216F516CA1B}"
EndProject
Project("{F2A71F9B-5D33-465A-A702-920D77279786}") = "BroadcastConsole.Test", "BroadcastConsole.Test\BroadcastConsole.Test.fsproj", "{1F3EDE6E-7D84-45BD-9B0C-00198760A714}"
EndProject
Project("{FAE04EC0-301F-11D3-BF4B-00C04F79EFBC}") = "BroadcastConsole.MetroClient", "BroadcastConsole.MetroClient\BroadcastConsole.MetroClient.csproj", "{E8CCF984-6201-45C6-89E3-D2C04C632340}"
EndProject
Project("{F2A71F9B-5D33-465A-A702-920D77279786}") = "BroadcastConsole.Common.Desktop", "BroadcastConsole.Common.Desktop\BroadcastConsole.Common.Desktop.fsproj", "{2F9D332A-538C-459B-AFC2-43C15C219B30}"
EndProject
Project("{FAE04EC0-301F-11D3-BF4B-00C04F79EFBC}") = "BroadcastConsole.Common.WinRT", "BroadcastConsole.Common.WinRT\BroadcastConsole.Common.WinRT.csproj", "{CB8FF318-1CAA-461C-B5D9-5EACBEAEC5A9}"
EndProject
Project("{F2A71F9B-5D33-465A-A702-920D77279786}") = "BroadcastConsole.WcfService", "BroadcastConsole.WcfService\BroadcastConsole.WcfService.fsproj", "{ADA4C80D-6D3D-446A-AB2B-D7000163C379}"
EndProject
Project("{FAE04EC0-301F-11D3-BF4B-00C04F79EFBC}") = "BroadcastConsole.WcfHost", "BroadcastConsole.WcfHost\BroadcastConsole.WcfHost.csproj", "{793D4029-F9E6-4E69-A6E8-E17658CA06D3}"
EndProject
Global
	GlobalSection(SolutionConfigurationPlatforms) = preSolution
		Debug|Any CPU = Debug|Any CPU
		Debug|ARM = Debug|ARM
		Debug|x64 = Debug|x64
		Debug|x86 = Debug|x86
		Release|Any CPU = Release|Any CPU
		Release|ARM = Release|ARM
		Release|x64 = Release|x64
		Release|x86 = Release|x86
	EndGlobalSection
	GlobalSection(ProjectConfigurationPlatforms) = postSolution
		{F566DCFC-F34F-4C4C-B853-C216F516CA1B}.Debug|Any CPU.ActiveCfg = Debug|Any CPU
		{F566DCFC-F34F-4C4C-B853-C216F516CA1B}.Debug|Any CPU.Build.0 = Debug|Any CPU
		{F566DCFC-F34F-4C4C-B853-C216F516CA1B}.Debug|ARM.ActiveCfg = Debug|Any CPU
		{F566DCFC-F34F-4C4C-B853-C216F516CA1B}.Debug|x64.ActiveCfg = Debug|Any CPU
		{F566DCFC-F34F-4C4C-B853-C216F516CA1B}.Debug|x86.ActiveCfg = Debug|Any CPU
		{F566DCFC-F34F-4C4C-B853-C216F516CA1B}.Release|Any CPU.ActiveCfg = Release|Any CPU
		{F566DCFC-F34F-4C4C-B853-C216F516CA1B}.Release|Any CPU.Build.0 = Release|Any CPU
		{F566DCFC-F34F-4C4C-B853-C216F516CA1B}.Release|ARM.ActiveCfg = Release|Any CPU
		{F566DCFC-F34F-4C4C-B853-C216F516CA1B}.Release|x64.ActiveCfg = Release|Any CPU
		{F566DCFC-F34F-4C4C-B853-C216F516CA1B}.Release|x86.ActiveCfg = Release|Any CPU
		{1F3EDE6E-7D84-45BD-9B0C-00198760A714}.Debug|Any CPU.ActiveCfg = Debug|Any CPU
		{1F3EDE6E-7D84-45BD-9B0C-00198760A714}.Debug|Any CPU.Build.0 = Debug|Any CPU
		{1F3EDE6E-7D84-45BD-9B0C-00198760A714}.Debug|ARM.ActiveCfg = Debug|Any CPU
		{1F3EDE6E-7D84-45BD-9B0C-00198760A714}.Debug|x64.ActiveCfg = Debug|Any CPU
		{1F3EDE6E-7D84-45BD-9B0C-00198760A714}.Debug|x86.ActiveCfg = Debug|Any CPU
		{1F3EDE6E-7D84-45BD-9B0C-00198760A714}.Release|Any CPU.ActiveCfg = Release|Any CPU
		{1F3EDE6E-7D84-45BD-9B0C-00198760A714}.Release|Any CPU.Build.0 = Release|Any CPU
		{1F3EDE6E-7D84-45BD-9B0C-00198760A714}.Release|ARM.ActiveCfg = Release|Any CPU
		{1F3EDE6E-7D84-45BD-9B0C-00198760A714}.Release|x64.ActiveCfg = Release|Any CPU
		{1F3EDE6E-7D84-45BD-9B0C-00198760A714}.Release|x86.ActiveCfg = Release|Any CPU
		{E8CCF984-6201-45C6-89E3-D2C04C632340}.Debug|Any CPU.ActiveCfg = Debug|Any CPU
		{E8CCF984-6201-45C6-89E3-D2C04C632340}.Debug|Any CPU.Build.0 = Debug|Any CPU
		{E8CCF984-6201-45C6-89E3-D2C04C632340}.Debug|Any CPU.Deploy.0 = Debug|Any CPU
		{E8CCF984-6201-45C6-89E3-D2C04C632340}.Debug|ARM.ActiveCfg = Debug|ARM
		{E8CCF984-6201-45C6-89E3-D2C04C632340}.Debug|ARM.Build.0 = Debug|ARM
		{E8CCF984-6201-45C6-89E3-D2C04C632340}.Debug|ARM.Deploy.0 = Debug|ARM
		{E8CCF984-6201-45C6-89E3-D2C04C632340}.Debug|x64.ActiveCfg = Debug|x64
		{E8CCF984-6201-45C6-89E3-D2C04C632340}.Debug|x64.Build.0 = Debug|x64
		{E8CCF984-6201-45C6-89E3-D2C04C632340}.Debug|x64.Deploy.0 = Debug|x64
		{E8CCF984-6201-45C6-89E3-D2C04C632340}.Debug|x86.ActiveCfg = Debug|x86
		{E8CCF984-6201-45C6-89E3-D2C04C632340}.Debug|x86.Build.0 = Debug|x86
		{E8CCF984-6201-45C6-89E3-D2C04C632340}.Debug|x86.Deploy.0 = Debug|x86
		{E8CCF984-6201-45C6-89E3-D2C04C632340}.Release|Any CPU.ActiveCfg = Release|Any CPU
		{E8CCF984-6201-45C6-89E3-D2C04C632340}.Release|Any CPU.Build.0 = Release|Any CPU
		{E8CCF984-6201-45C6-89E3-D2C04C632340}.Release|Any CPU.Deploy.0 = Release|Any CPU
		{E8CCF984-6201-45C6-89E3-D2C04C632340}.Release|ARM.ActiveCfg = Release|ARM
		{E8CCF984-6201-45C6-89E3-D2C04C632340}.Release|ARM.Build.0 = Release|ARM
		{E8CCF984-6201-45C6-89E3-D2C04C632340}.Release|ARM.Deploy.0 = Release|ARM
		{E8CCF984-6201-45C6-89E3-D2C04C632340}.Release|x64.ActiveCfg = Release|x64
		{E8CCF984-6201-45C6-89E3-D2C04C632340}.Release|x64.Build.0 = Release|x64
		{E8CCF984-6201-45C6-89E3-D2C04C632340}.Release|x64.Deploy.0 = Release|x64
		{E8CCF984-6201-45C6-89E3-D2C04C632340}.Release|x86.ActiveCfg = Release|x86
		{E8CCF984-6201-45C6-89E3-D2C04C632340}.Release|x86.Build.0 = Release|x86
		{E8CCF984-6201-45C6-89E3-D2C04C632340}.Release|x86.Deploy.0 = Release|x86
		{2F9D332A-538C-459B-AFC2-43C15C219B30}.Debug|Any CPU.ActiveCfg = Debug|Any CPU
		{2F9D332A-538C-459B-AFC2-43C15C219B30}.Debug|Any CPU.Build.0 = Debug|Any CPU
		{2F9D332A-538C-459B-AFC2-43C15C219B30}.Debug|ARM.ActiveCfg = Debug|Any CPU
		{2F9D332A-538C-459B-AFC2-43C15C219B30}.Debug|x64.ActiveCfg = Debug|Any CPU
		{2F9D332A-538C-459B-AFC2-43C15C219B30}.Debug|x86.ActiveCfg = Debug|Any CPU
		{2F9D332A-538C-459B-AFC2-43C15C219B30}.Release|Any CPU.ActiveCfg = Release|Any CPU
		{2F9D332A-538C-459B-AFC2-43C15C219B30}.Release|Any CPU.Build.0 = Release|Any CPU
		{2F9D332A-538C-459B-AFC2-43C15C219B30}.Release|ARM.ActiveCfg = Release|Any CPU
		{2F9D332A-538C-459B-AFC2-43C15C219B30}.Release|x64.ActiveCfg = Release|Any CPU
		{2F9D332A-538C-459B-AFC2-43C15C219B30}.Release|x86.ActiveCfg = Release|Any CPU
		{CB8FF318-1CAA-461C-B5D9-5EACBEAEC5A9}.Debug|Any CPU.ActiveCfg = Debug|Any CPU
		{CB8FF318-1CAA-461C-B5D9-5EACBEAEC5A9}.Debug|Any CPU.Build.0 = Debug|Any CPU
		{CB8FF318-1CAA-461C-B5D9-5EACBEAEC5A9}.Debug|ARM.ActiveCfg = Debug|ARM
		{CB8FF318-1CAA-461C-B5D9-5EACBEAEC5A9}.Debug|ARM.Build.0 = Debug|ARM
		{CB8FF318-1CAA-461C-B5D9-5EACBEAEC5A9}.Debug|x64.ActiveCfg = Debug|x64
		{CB8FF318-1CAA-461C-B5D9-5EACBEAEC5A9}.Debug|x64.Build.0 = Debug|x64
		{CB8FF318-1CAA-461C-B5D9-5EACBEAEC5A9}.Debug|x86.ActiveCfg = Debug|x86
		{CB8FF318-1CAA-461C-B5D9-5EACBEAEC5A9}.Debug|x86.Build.0 = Debug|x86
		{CB8FF318-1CAA-461C-B5D9-5EACBEAEC5A9}.Release|Any CPU.ActiveCfg = Release|Any CPU
		{CB8FF318-1CAA-461C-B5D9-5EACBEAEC5A9}.Release|Any CPU.Build.0 = Release|Any CPU
		{CB8FF318-1CAA-461C-B5D9-5EACBEAEC5A9}.Release|ARM.ActiveCfg = Release|ARM
		{CB8FF318-1CAA-461C-B5D9-5EACBEAEC5A9}.Release|ARM.Build.0 = Release|ARM
		{CB8FF318-1CAA-461C-B5D9-5EACBEAEC5A9}.Release|x64.ActiveCfg = Release|x64
		{CB8FF318-1CAA-461C-B5D9-5EACBEAEC5A9}.Release|x64.Build.0 = Release|x64
		{CB8FF318-1CAA-461C-B5D9-5EACBEAEC5A9}.Release|x86.ActiveCfg = Release|x86
		{CB8FF318-1CAA-461C-B5D9-5EACBEAEC5A9}.Release|x86.Build.0 = Release|x86
		{ADA4C80D-6D3D-446A-AB2B-D7000163C379}.Debug|Any CPU.ActiveCfg = Debug|Any CPU
		{ADA4C80D-6D3D-446A-AB2B-D7000163C379}.Debug|Any CPU.Build.0 = Debug|Any CPU
		{ADA4C80D-6D3D-446A-AB2B-D7000163C379}.Debug|ARM.ActiveCfg = Debug|Any CPU
		{ADA4C80D-6D3D-446A-AB2B-D7000163C379}.Debug|x64.ActiveCfg = Debug|Any CPU
		{ADA4C80D-6D3D-446A-AB2B-D7000163C379}.Debug|x86.ActiveCfg = Debug|Any CPU
		{ADA4C80D-6D3D-446A-AB2B-D7000163C379}.Release|Any CPU.ActiveCfg = Release|Any CPU
		{ADA4C80D-6D3D-446A-AB2B-D7000163C379}.Release|Any CPU.Build.0 = Release|Any CPU
		{ADA4C80D-6D3D-446A-AB2B-D7000163C379}.Release|ARM.ActiveCfg = Release|Any CPU
		{ADA4C80D-6D3D-446A-AB2B-D7000163C379}.Release|x64.ActiveCfg = Release|Any CPU
		{ADA4C80D-6D3D-446A-AB2B-D7000163C379}.Release|x86.ActiveCfg = Release|Any CPU
		{793D4029-F9E6-4E69-A6E8-E17658CA06D3}.Debug|Any CPU.ActiveCfg = Debug|Any CPU
		{793D4029-F9E6-4E69-A6E8-E17658CA06D3}.Debug|Any CPU.Build.0 = Debug|Any CPU
		{793D4029-F9E6-4E69-A6E8-E17658CA06D3}.Debug|ARM.ActiveCfg = Debug|Any CPU
		{793D4029-F9E6-4E69-A6E8-E17658CA06D3}.Debug|x64.ActiveCfg = Debug|Any CPU
		{793D4029-F9E6-4E69-A6E8-E17658CA06D3}.Debug|x86.ActiveCfg = Debug|Any CPU
		{793D4029-F9E6-4E69-A6E8-E17658CA06D3}.Release|Any CPU.ActiveCfg = Release|Any CPU
		{793D4029-F9E6-4E69-A6E8-E17658CA06D3}.Release|Any CPU.Build.0 = Release|Any CPU
		{793D4029-F9E6-4E69-A6E8-E17658CA06D3}.Release|ARM.ActiveCfg = Release|Any CPU
		{793D4029-F9E6-4E69-A6E8-E17658CA06D3}.Release|x64.ActiveCfg = Release|Any CPU
		{793D4029-F9E6-4E69-A6E8-E17658CA06D3}.Release|x86.ActiveCfg = Release|Any CPU
	EndGlobalSection
	GlobalSection(SolutionProperties) = preSolution
		HideSolutionNode = FALSE
	EndGlobalSection
EndGlobal
